
Microsoft Visual Studio Solution File, Format Version 11.00
# Visual C# Express 2010
Project("{FAE04EC0-301F-11D3-BF4B-00C04F79EFBC}") = "AMEEMaterials", "AMEEMaterials\AMEEMaterials.csproj", "{A66B8399-1626-4C8C-95FC-6E786FD2DCA0}"
EndProject
Global
	GlobalSection(SolutionConfigurationPlatforms) = preSolution
		Debug|Any CPU = Debug|Any CPU
		Release|Any CPU = Release|Any CPU
	EndGlobalSection
	GlobalSection(ProjectConfigurationPlatforms) = postSolution
		{A66B8399-1626-4C8C-95FC-6E786FD2DCA0}.Debug|Any CPU.ActiveCfg = Debug|Any CPU
		{A66B8399-1626-4C8C-95FC-6E786FD2DCA0}.Debug|Any CPU.Build.0 = Debug|Any CPU
		{A66B8399-1626-4C8C-95FC-6E786FD2DCA0}.Release|Any CPU.ActiveCfg = Release|Any CPU
		{A66B8399-1626-4C8C-95FC-6E786FD2DCA0}.Release|Any CPU.Build.0 = Release|Any CPU
	EndGlobalSection
	GlobalSection(SolutionProperties) = preSolution
		HideSolutionNode = FALSE
	EndGlobalSection
EndGlobal
